
Microsoft Visual Studio Solution File, Format Version 12.00
# Visual Studio 2012
Project("{FAE04EC0-301F-11D3-BF4B-00C04F79EFBC}") = "PandaCatSharp", "PandaCatSharp.csproj", "{53045751-34F0-4648-B2EE-5EA4AF82ABD5}"
EndProject
Project("{FAE04EC0-301F-11D3-BF4B-00C04F79EFBC}") = "PCSColors", "PCSColors\PCSColors.csproj", "{126C5CD7-16ED-41CE-828F-3513F647E29F}"
EndProject
Project("{FAE04EC0-301F-11D3-BF4B-00C04F79EFBC}") = "PCSFiles", "PCSFiles\PCSFiles.csproj", "{A4EAC631-24EA-4948-A00E-C20D63F6CEBA}"
EndProject
Project("{FAE04EC0-301F-11D3-BF4B-00C04F79EFBC}") = "PCSHistory", "PCSHistory\PCSHistory.csproj", "{9730CC9B-1083-4176-BCA2-7412116862DE}"
EndProject
Project("{FAE04EC0-301F-11D3-BF4B-00C04F79EFBC}") = "PCSLineTo", "PCSLineTo\PCSLineTo.csproj", "{885E0C71-D301-4253-AC47-DF61536AA7AD}"
EndProject
Project("{FAE04EC0-301F-11D3-BF4B-00C04F79EFBC}") = "PCSResolution", "PCSResolution\PCSResolution.csproj", "{B7120A38-C397-453D-A6EB-7D5BAD0944BA}"
EndProject
Project("{FAE04EC0-301F-11D3-BF4B-00C04F79EFBC}") = "PCSTemplate", "PCSTemplate\PCSTemplate.csproj", "{462E1FE3-24FA-4032-BC48-69C3A7854DC0}"
EndProject
Project("{FAE04EC0-301F-11D3-BF4B-00C04F79EFBC}") = "PCSText", "PCSText\PCSText.csproj", "{086D4F99-ABA7-468A-B608-69A0FF64FD2A}"
EndProject
Project("{FAE04EC0-301F-11D3-BF4B-00C04F79EFBC}") = "PCSTextBoxes", "PCSTextBoxes\PCSTextBoxes.csproj", "{127EF997-7692-4F45-88FB-73910217E536}"
EndProject
Global
	GlobalSection(SolutionConfigurationPlatforms) = preSolution
		Debug|x86 = Debug|x86
		Release|x86 = Release|x86
	EndGlobalSection
	GlobalSection(ProjectConfigurationPlatforms) = postSolution
		{53045751-34F0-4648-B2EE-5EA4AF82ABD5}.Debug|x86.ActiveCfg = Debug|x86
		{53045751-34F0-4648-B2EE-5EA4AF82ABD5}.Debug|x86.Build.0 = Debug|x86
		{53045751-34F0-4648-B2EE-5EA4AF82ABD5}.Release|x86.ActiveCfg = Release|x86
		{53045751-34F0-4648-B2EE-5EA4AF82ABD5}.Release|x86.Build.0 = Release|x86
		{126C5CD7-16ED-41CE-828F-3513F647E29F}.Debug|x86.ActiveCfg = Debug|Any CPU
		{126C5CD7-16ED-41CE-828F-3513F647E29F}.Debug|x86.Build.0 = Debug|Any CPU
		{126C5CD7-16ED-41CE-828F-3513F647E29F}.Release|x86.ActiveCfg = Release|Any CPU
		{126C5CD7-16ED-41CE-828F-3513F647E29F}.Release|x86.Build.0 = Release|Any CPU
		{A4EAC631-24EA-4948-A00E-C20D63F6CEBA}.Debug|x86.ActiveCfg = Debug|Any CPU
		{A4EAC631-24EA-4948-A00E-C20D63F6CEBA}.Debug|x86.Build.0 = Debug|Any CPU
		{A4EAC631-24EA-4948-A00E-C20D63F6CEBA}.Release|x86.ActiveCfg = Release|Any CPU
		{A4EAC631-24EA-4948-A00E-C20D63F6CEBA}.Release|x86.Build.0 = Release|Any CPU
		{9730CC9B-1083-4176-BCA2-7412116862DE}.Debug|x86.ActiveCfg = Debug|Any CPU
		{9730CC9B-1083-4176-BCA2-7412116862DE}.Debug|x86.Build.0 = Debug|Any CPU
		{9730CC9B-1083-4176-BCA2-7412116862DE}.Release|x86.ActiveCfg = Release|Any CPU
		{9730CC9B-1083-4176-BCA2-7412116862DE}.Release|x86.Build.0 = Release|Any CPU
		{885E0C71-D301-4253-AC47-DF61536AA7AD}.Debug|x86.ActiveCfg = Debug|Any CPU
		{885E0C71-D301-4253-AC47-DF61536AA7AD}.Debug|x86.Build.0 = Debug|Any CPU
		{885E0C71-D301-4253-AC47-DF61536AA7AD}.Release|x86.ActiveCfg = Release|Any CPU
		{885E0C71-D301-4253-AC47-DF61536AA7AD}.Release|x86.Build.0 = Release|Any CPU
		{B7120A38-C397-453D-A6EB-7D5BAD0944BA}.Debug|x86.ActiveCfg = Debug|Any CPU
		{B7120A38-C397-453D-A6EB-7D5BAD0944BA}.Debug|x86.Build.0 = Debug|Any CPU
		{B7120A38-C397-453D-A6EB-7D5BAD0944BA}.Release|x86.ActiveCfg = Release|Any CPU
		{B7120A38-C397-453D-A6EB-7D5BAD0944BA}.Release|x86.Build.0 = Release|Any CPU
		{462E1FE3-24FA-4032-BC48-69C3A7854DC0}.Debug|x86.ActiveCfg = Debug|Any CPU
		{462E1FE3-24FA-4032-BC48-69C3A7854DC0}.Debug|x86.Build.0 = Debug|Any CPU
		{462E1FE3-24FA-4032-BC48-69C3A7854DC0}.Release|x86.ActiveCfg = Release|Any CPU
		{462E1FE3-24FA-4032-BC48-69C3A7854DC0}.Release|x86.Build.0 = Release|Any CPU
		{086D4F99-ABA7-468A-B608-69A0FF64FD2A}.Debug|x86.ActiveCfg = Debug|Any CPU
		{086D4F99-ABA7-468A-B608-69A0FF64FD2A}.Debug|x86.Build.0 = Debug|Any CPU
		{086D4F99-ABA7-468A-B608-69A0FF64FD2A}.Release|x86.ActiveCfg = Release|Any CPU
		{086D4F99-ABA7-468A-B608-69A0FF64FD2A}.Release|x86.Build.0 = Release|Any CPU
		{127EF997-7692-4F45-88FB-73910217E536}.Debug|x86.ActiveCfg = Debug|Any CPU
		{127EF997-7692-4F45-88FB-73910217E536}.Debug|x86.Build.0 = Debug|Any CPU
		{127EF997-7692-4F45-88FB-73910217E536}.Release|x86.ActiveCfg = Release|Any CPU
		{127EF997-7692-4F45-88FB-73910217E536}.Release|x86.Build.0 = Release|Any CPU
	EndGlobalSection
	GlobalSection(MonoDevelopProperties) = preSolution
		Policies = $0
		$0.DotNetNamingPolicy = $1
		$1.DirectoryNamespaceAssociation = None
		$1.ResourceNamePolicy = FileFormatDefault
		$0.StandardHeader = $2
		$2.Text = 
		$2.IncludeInNewFiles = True
	EndGlobalSection
EndGlobal
